
Microsoft Visual Studio Solution File, Format Version 12.00
# Visual Studio Version 17
VisualStudioVersion = 17.5.002.0
MinimumVisualStudioVersion = 10.0.40219.1
Project("{2150E333-8FDC-42A3-9474-1A3956D46DE8}") = "src", "src", "{D110169F-F7E1-4D36-9DD1-F47C843EF90A}"
EndProject
Project("{2150E333-8FDC-42A3-9474-1A3956D46DE8}") = "frontend", "frontend", "{D97C99FA-99FF-41BF-A542-F46B0B4A360B}"
EndProject
Project("{9A19103F-16F7-4668-BE54-9A1E7A4F7556}") = "PetSpotR", "src\frontend\PetSpotR\PetSpotR.csproj", "{D7353EC9-5421-4DBE-8E54-1CAA9D48A8C3}"
EndProject
Global
	GlobalSection(SolutionConfigurationPlatforms) = preSolution
		Debug|Any CPU = Debug|Any CPU
		Release|Any CPU = Release|Any CPU
	EndGlobalSection
	GlobalSection(ProjectConfigurationPlatforms) = postSolution
		{D7353EC9-5421-4DBE-8E54-1CAA9D48A8C3}.Debug|Any CPU.ActiveCfg = Debug|Any CPU
		{D7353EC9-5421-4DBE-8E54-1CAA9D48A8C3}.Debug|Any CPU.Build.0 = Debug|Any CPU
		{D7353EC9-5421-4DBE-8E54-1CAA9D48A8C3}.Release|Any CPU.ActiveCfg = Release|Any CPU
		{D7353EC9-5421-4DBE-8E54-1CAA9D48A8C3}.Release|Any CPU.Build.0 = Release|Any CPU
	EndGlobalSection
	GlobalSection(SolutionProperties) = preSolution
		HideSolutionNode = FALSE
	EndGlobalSection
	GlobalSection(NestedProjects) = preSolution
		{D97C99FA-99FF-41BF-A542-F46B0B4A360B} = {D110169F-F7E1-4D36-9DD1-F47C843EF90A}
		{D7353EC9-5421-4DBE-8E54-1CAA9D48A8C3} = {D97C99FA-99FF-41BF-A542-F46B0B4A360B}
	EndGlobalSection
	GlobalSection(ExtensibilityGlobals) = postSolution
		SolutionGuid = {B4432F90-CE47-4298-8C12-2EF2CCBED775}
	EndGlobalSection
EndGlobal
